
Microsoft Visual Studio Solution File, Format Version 12.00
# Visual Studio Version 17
VisualStudioVersion = 17.8.34330.188
MinimumVisualStudioVersion = 10.0.40219.1
Project("{9A19103F-16F7-4668-BE54-9A1E7A4F7556}") = "Tp2", "..\..\source\repos\Tp2\Tp2\Tp2.csproj", "{0A0886D4-A895-4148-BE54-BF963A686F06}"
EndProject
Global
	GlobalSection(SolutionConfigurationPlatforms) = preSolution
		Debug|Any CPU = Debug|Any CPU
		Release|Any CPU = Release|Any CPU
	EndGlobalSection
	GlobalSection(ProjectConfigurationPlatforms) = postSolution
		{0A0886D4-A895-4148-BE54-BF963A686F06}.Debug|Any CPU.ActiveCfg = Debug|Any CPU
		{0A0886D4-A895-4148-BE54-BF963A686F06}.Debug|Any CPU.Build.0 = Debug|Any CPU
		{0A0886D4-A895-4148-BE54-BF963A686F06}.Release|Any CPU.ActiveCfg = Release|Any CPU
		{0A0886D4-A895-4148-BE54-BF963A686F06}.Release|Any CPU.Build.0 = Release|Any CPU
	EndGlobalSection
	GlobalSection(SolutionProperties) = preSolution
		HideSolutionNode = FALSE
	EndGlobalSection
	GlobalSection(ExtensibilityGlobals) = postSolution
		SolutionGuid = {2856C2E8-6268-412E-B99A-FC1D9B683CE1}
	EndGlobalSection
EndGlobal
